<?xml version="1.0"?>
<plist version="1.0">
	<dict>
		<key>archiveVersion</key>
		<string>1</string>
		<key>classes</key>
		<dict />
		<key>objectVersion</key>
		<string>46</string>
		<key>objects</key>
		<dict>
			<key>34A1CD0B670B0A4266464779</key>
			<dict>
				<key>fileRef</key>
				<string>CC7594CA5E21F32F237CA87E</string>
				<key>isa</key>
				<string>PBXBuildFile</string>
			</dict>
			<key>CC7594CA5E21F32F237CA87E</key>
			<dict>
				<key>explicitFileType</key>
				<string>sourcecode.cpp.cpp</string>
				<key>fileEncoding</key>
				<string>30</string>
				<key>isa</key>
				<string>PBXFileReference</string>
				<key>name</key>
				<string>ofxTurboJpeg.cpp</string>
				<key>path</key>
				<string>../../../addons/ofxTurboJpeg/src/ofxTurboJpeg.cpp</string>
				<key>sourceTree</key>
				<string>SOURCE_ROOT</string>
			</dict>
			<key>29507F94FC17E77F52D317B9</key>
			<dict>
				<key>children</key>
				<array>
					<string>8D69533A53ED061E713EAF84</string>
					<string>CC7594CA5E21F32F237CA87E</string>
				</array>
				<key>isa</key>
				<string>PBXGroup</string>
				<key>name</key>
				<string>src</string>
				<key>sourceTree</key>
				<string>&lt;group&gt;</string>
			</dict>
			<key>334E8B760835B4E270BF0E5C</key>
			<dict>
				<key>children</key>
				<array>
					<string>29507F94FC17E77F52D317B9</string>
				</array>
				<key>isa</key>
				<string>PBXGroup</string>
				<key>name</key>
				<string>ofxTurboJpeg</string>
				<key>sourceTree</key>
				<string>&lt;group&gt;</string>
			</dict>
			<key>8D69533A53ED061E713EAF84</key>
			<dict>
				<key>explicitFileType</key>
				<string>sourcecode.c.h</string>
				<key>fileEncoding</key>
				<string>30</string>
				<key>isa</key>
				<string>PBXFileReference</string>
				<key>name</key>
				<string>ofxTurboJpeg.h</string>
				<key>path</key>
				<string>../../../addons/ofxTurboJpeg/src/ofxTurboJpeg.h</string>
				<key>sourceTree</key>
				<string>SOURCE_ROOT</string>
			</dict>
			<key>363445DB5340801376F77550</key>
			<dict>
				<key>children</key>
				<array>
					<string>35D32716F14E3E18BA93703F</string>
				</array>
				<key>isa</key>
				<string>PBXGroup</string>
				<key>name</key>
				<string>frameworks</string>
				<key>sourceTree</key>
				<string>&lt;group&gt;</string>
			</dict>
			<key>B3ACFAB69F9C4AC9F6E8577E</key>
			<dict>
				<key>fileRef</key>
				<string>35D32716F14E3E18BA93703F</string>
				<key>isa</key>
				<string>PBXBuildFile</string>
			</dict>
			<key>35D32716F14E3E18BA93703F</key>
			<dict>
				<key>lastKnownFileType</key>
				<string>wrapper.framework</string>
				<key>isa</key>
				<string>PBXFileReference</string>
				<key>name</key>
				<string>OpenCL.framework</string>
				<key>path</key>
				<string>/System/Library/Frameworks/OpenCL.framework</string>
				<key>sourceTree</key>
				<string>&lt;group&gt;</string>
			</dict>
			<key>FA0F389540805471F1153D4D</key>
			<dict>
				<key>explicitFileType</key>
				<string>sourcecode.c.h</string>
				<key>fileEncoding</key>
				<string>30</string>
				<key>isa</key>
				<string>PBXFileReference</string>
				<key>name</key>
				<string>ofProtonect2.h</string>
				<key>path</key>
				<string>../../../addons/ofxMultiKinectV2/libs/protonect/ofProtonect2.h</string>
				<key>sourceTree</key>
				<string>SOURCE_ROOT</string>
			</dict>
			<key>06E31D3687118797DD86DB35</key>
			<dict>
				<key>children</key>
				<array>
					<string>6577C6C436CC968B54754753</string>
					<string>FA0F389540805471F1153D4D</string>
				</array>
				<key>isa</key>
				<string>PBXGroup</string>
				<key>name</key>
				<string>protonect</string>
				<key>sourceTree</key>
				<string>&lt;group&gt;</string>
			</dict>
			<key>8D0B283FA19BACFC2D3533EE</key>
			<dict>
				<key>fileRef</key>
				<string>6577C6C436CC968B54754753</string>
				<key>isa</key>
				<string>PBXBuildFile</string>
			</dict>
			<key>6577C6C436CC968B54754753</key>
			<dict>
				<key>explicitFileType</key>
				<string>sourcecode.cpp.cpp</string>
				<key>fileEncoding</key>
				<string>30</string>
				<key>isa</key>
				<string>PBXFileReference</string>
				<key>name</key>
				<string>ofProtonect2.cpp</string>
				<key>path</key>
				<string>../../../addons/ofxMultiKinectV2/libs/protonect/ofProtonect2.cpp</string>
				<key>sourceTree</key>
				<string>SOURCE_ROOT</string>
			</dict>
			<key>3128E87323261A6DF841B1D7</key>
			<dict>
				<key>explicitFileType</key>
				<string>sourcecode.c.h</string>
				<key>fileEncoding</key>
				<string>30</string>
				<key>isa</key>
				<string>PBXFileReference</string>
				<key>name</key>
				<string>version_nano.h</string>
				<key>path</key>
				<string>../../../addons/ofxMultiKinectV2/libs/libusb/include/libusb/version_nano.h</string>
				<key>sourceTree</key>
				<string>SOURCE_ROOT</string>
			</dict>
			<key>8A6A1999CCC6DA2F394FA140</key>
			<dict>
				<key>explicitFileType</key>
				<string>sourcecode.c.h</string>
				<key>fileEncoding</key>
				<string>30</string>
				<key>isa</key>
				<string>PBXFileReference</string>
				<key>name</key>
				<string>version.h</string>
				<key>path</key>
				<string>../../../addons/ofxMultiKinectV2/libs/libusb/include/libusb/version.h</string>
				<key>sourceTree</key>
				<string>SOURCE_ROOT</string>
			</dict>
			<key>2092392CBE385955D343F695</key>
			<dict>
				<key>explicitFileType</key>
				<string>sourcecode.c.h</string>
				<key>fileEncoding</key>
				<string>30</string>
				<key>isa</key>
				<string>PBXFileReference</string>
				<key>name</key>
				<string>windows_usb.h</string>
				<key>path</key>
				<string>../../../addons/ofxMultiKinectV2/libs/libusb/include/libusb/os/windows_usb.h</string>
				<key>sourceTree</key>
				<string>SOURCE_ROOT</string>
			</dict>
			<key>C9DF41FC543772A53EF4419D</key>
			<dict>
				<key>explicitFileType</key>
				<string>sourcecode.c.h</string>
				<key>fileEncoding</key>
				<string>30</string>
				<key>isa</key>
				<string>PBXFileReference</string>
				<key>name</key>
				<string>windows_common.h</string>
				<key>path</key>
				<string>../../../addons/ofxMultiKinectV2/libs/libusb/include/libusb/os/windows_common.h</string>
				<key>sourceTree</key>
				<string>SOURCE_ROOT</string>
			</dict>
			<key>D31118558182361E7E095709</key>
			<dict>
				<key>explicitFileType</key>
				<string>sourcecode.c.h</string>
				<key>fileEncoding</key>
				<string>30</string>
				<key>isa</key>
				<string>PBXFileReference</string>
				<key>name</key>
				<string>wince_usb.h</string>
				<key>path</key>
				<string>../../../addons/ofxMultiKinectV2/libs/libusb/include/libusb/os/wince_usb.h</string>
				<key>sourceTree</key>
				<string>SOURCE_ROOT</string>
			</dict>
			<key>290D0CD551CB835B114DCF77</key>
			<dict>
				<key>explicitFileType</key>
				<string>sourcecode.c.h</string>
				<key>fileEncoding</key>
				<string>30</string>
				<key>isa</key>
				<string>PBXFileReference</string>
				<key>name</key>
				<string>threads_windows.h</string>
				<key>path</key>
				<string>../../../addons/ofxMultiKinectV2/libs/libusb/include/libusb/os/threads_windows.h</string>
				<key>sourceTree</key>
				<string>SOURCE_ROOT</string>
			</dict>
			<key>33B6A0AFCB488040F40226B3</key>
			<dict>
				<key>explicitFileType</key>
				<string>sourcecode.c.h</string>
				<key>fileEncoding</key>
				<string>30</string>
				<key>isa</key>
				<string>PBXFileReference</string>
				<key>name</key>
				<string>threads_posix.h</string>
				<key>path</key>
				<string>../../../addons/ofxMultiKinectV2/libs/libusb/include/libusb/os/threads_posix.h</string>
				<key>sourceTree</key>
				<string>SOURCE_ROOT</string>
			</dict>
			<key>704D221776C5B84CDAB58175</key>
			<dict>
				<key>explicitFileType</key>
				<string>sourcecode.c.h</string>
				<key>fileEncoding</key>
				<string>30</string>
				<key>isa</key>
				<string>PBXFileReference</string>
				<key>name</key>
				<string>poll_windows.h</string>
				<key>path</key>
				<string>../../../addons/ofxMultiKinectV2/libs/libusb/include/libusb/os/poll_windows.h</string>
				<key>sourceTree</key>
				<string>SOURCE_ROOT</string>
			</dict>
			<key>32DE2C1D8F72594EE62CA55F</key>
			<dict>
				<key>explicitFileType</key>
				<string>sourcecode.c.h</string>
				<key>fileEncoding</key>
				<string>30</string>
				<key>isa</key>
				<string>PBXFileReference</string>
				<key>name</key>
				<string>poll_posix.h</string>
				<key>path</key>
				<string>../../../addons/ofxMultiKinectV2/libs/libusb/include/libusb/os/poll_posix.h</string>
				<key>sourceTree</key>
				<string>SOURCE_ROOT</string>
			</dict>
			<key>B5AB4790CCBF9DC3BA442599</key>
			<dict>
				<key>explicitFileType</key>
				<string>sourcecode.c.h</string>
				<key>fileEncoding</key>
				<string>30</string>
				<key>isa</key>
				<string>PBXFileReference</string>
				<key>name</key>
				<string>linux_usbfs.h</string>
				<key>path</key>
				<string>../../../addons/ofxMultiKinectV2/libs/libusb/include/libusb/os/linux_usbfs.h</string>
				<key>sourceTree</key>
				<string>SOURCE_ROOT</string>
			</dict>
			<key>E527E5950935493D9F31017A</key>
			<dict>
				<key>children</key>
				<array>
					<string>537FE167AAF9C705AB4B4018</string>
					<string>B5AB4790CCBF9DC3BA442599</string>
					<string>32DE2C1D8F72594EE62CA55F</string>
					<string>704D221776C5B84CDAB58175</string>
					<string>33B6A0AFCB488040F40226B3</string>
					<string>290D0CD551CB835B114DCF77</string>
					<string>D31118558182361E7E095709</string>
					<string>C9DF41FC543772A53EF4419D</string>
					<string>2092392CBE385955D343F695</string>
				</array>
				<key>isa</key>
				<string>PBXGroup</string>
				<key>name</key>
				<string>os</string>
				<key>sourceTree</key>
				<string>&lt;group&gt;</string>
			</dict>
			<key>537FE167AAF9C705AB4B4018</key>
			<dict>
				<key>explicitFileType</key>
				<string>sourcecode.c.h</string>
				<key>fileEncoding</key>
				<string>30</string>
				<key>isa</key>
				<string>PBXFileReference</string>
				<key>name</key>
				<string>darwin_usb.h</string>
				<key>path</key>
				<string>../../../addons/ofxMultiKinectV2/libs/libusb/include/libusb/os/darwin_usb.h</string>
				<key>sourceTree</key>
				<string>SOURCE_ROOT</string>
			</dict>
			<key>B520B4DB5BEB456424B45D93</key>
			<dict>
				<key>explicitFileType</key>
				<string>sourcecode.c.h</string>
				<key>fileEncoding</key>
				<string>30</string>
				<key>isa</key>
				<string>PBXFileReference</string>
				<key>name</key>
				<string>libusbi.h</string>
				<key>path</key>
				<string>../../../addons/ofxMultiKinectV2/libs/libusb/include/libusb/libusbi.h</string>
				<key>sourceTree</key>
				<string>SOURCE_ROOT</string>
			</dict>
			<key>1242284EF408B8134CF3B918</key>
			<dict>
				<key>explicitFileType</key>
				<string>sourcecode.c.h</string>
				<key>fileEncoding</key>
				<string>30</string>
				<key>isa</key>
				<string>PBXFileReference</string>
				<key>name</key>
				<string>libusb.h</string>
				<key>path</key>
				<string>../../../addons/ofxMultiKinectV2/libs/libusb/include/libusb/libusb.h</string>
				<key>sourceTree</key>
				<string>SOURCE_ROOT</string>
			</dict>
			<key>EF611D40F31C6422321FC744</key>
			<dict>
				<key>children</key>
				<array>
					<string>32B58780621745DC53E60E84</string>
					<string>1242284EF408B8134CF3B918</string>
					<string>B520B4DB5BEB456424B45D93</string>
					<string>E527E5950935493D9F31017A</string>
					<string>8A6A1999CCC6DA2F394FA140</string>
					<string>3128E87323261A6DF841B1D7</string>
				</array>
				<key>isa</key>
				<string>PBXGroup</string>
				<key>name</key>
				<string>libusb</string>
				<key>sourceTree</key>
				<string>&lt;group&gt;</string>
			</dict>
			<key>145D6EA134B9A919361BBFFD</key>
			<dict>
				<key>children</key>
				<array>
					<string>EF611D40F31C6422321FC744</string>
				</array>
				<key>isa</key>
				<string>PBXGroup</string>
				<key>name</key>
				<string>include</string>
				<key>sourceTree</key>
				<string>&lt;group&gt;</string>
			</dict>
			<key>F6BD98D998A421678C36489C</key>
			<dict>
				<key>children</key>
				<array>
					<string>145D6EA134B9A919361BBFFD</string>
				</array>
				<key>isa</key>
				<string>PBXGroup</string>
				<key>name</key>
				<string>libusb</string>
				<key>sourceTree</key>
				<string>&lt;group&gt;</string>
			</dict>
			<key>32B58780621745DC53E60E84</key>
			<dict>
				<key>explicitFileType</key>
				<string>sourcecode.c.h</string>
				<key>fileEncoding</key>
				<string>30</string>
				<key>isa</key>
				<string>PBXFileReference</string>
				<key>name</key>
				<string>hotplug.h</string>
				<key>path</key>
				<string>../../../addons/ofxMultiKinectV2/libs/libusb/include/libusb/hotplug.h</string>
				<key>sourceTree</key>
				<string>SOURCE_ROOT</string>
			</dict>
			<key>71F853E331AB87C80EDCE1C1</key>
			<dict>
				<key>explicitFileType</key>
				<string>sourcecode.c.h</string>
				<key>fileEncoding</key>
				<string>30</string>
				<key>isa</key>
				<string>PBXFileReference</string>
				<key>name</key>
				<string>threading.h</string>
				<key>path</key>
				<string>../../../addons/ofxMultiKinectV2/libs/libfreenect2/include/libfreenect2/threading.h</string>
				<key>sourceTree</key>
				<string>SOURCE_ROOT</string>
			</dict>
			<key>67069D0B51EE41EBED3E7DCC</key>
			<dict>
				<key>explicitFileType</key>
				<string>sourcecode.c.h</string>
				<key>fileEncoding</key>
				<string>30</string>
				<key>isa</key>
				<string>PBXFileReference</string>
				<key>name</key>
				<string>rgb_packet_stream_parser.h</string>
				<key>path</key>
				<string>../../../addons/ofxMultiKinectV2/libs/libfreenect2/include/libfreenect2/rgb_packet_stream_parser.h</string>
				<key>sourceTree</key>
				<string>SOURCE_ROOT</string>
			</dict>
			<key>630785A8FEAC369F211F5F99</key>
			<dict>
				<key>explicitFileType</key>
				<string>sourcecode.c.h</string>
				<key>fileEncoding</key>
				<string>30</string>
				<key>isa</key>
				<string>PBXFileReference</string>
				<key>name</key>
				<string>rgb_packet_processor.h</string>
				<key>path</key>
				<string>../../../addons/ofxMultiKinectV2/libs/libfreenect2/include/libfreenect2/rgb_packet_processor.h</string>
				<key>sourceTree</key>
				<string>SOURCE_ROOT</string>
			</dict>
			<key>FE9AE8C81809B00E377D25C8</key>
			<dict>
				<key>explicitFileType</key>
				<string>sourcecode.c.h</string>
				<key>fileEncoding</key>
				<string>30</string>
				<key>isa</key>
				<string>PBXFileReference</string>
				<key>name</key>
				<string>registration.h</string>
				<key>path</key>
				<string>../../../addons/ofxMultiKinectV2/libs/libfreenect2/include/libfreenect2/registration.h</string>
				<key>sourceTree</key>
				<string>SOURCE_ROOT</string>
			</dict>
			<key>AC2ACAC626DB1694A6DE980D</key>
			<dict>
				<key>explicitFileType</key>
				<string>sourcecode.c.h</string>
				<key>fileEncoding</key>
				<string>30</string>
				<key>isa</key>
				<string>PBXFileReference</string>
				<key>name</key>
				<string>packet_processor.h</string>
				<key>path</key>
				<string>../../../addons/ofxMultiKinectV2/libs/libfreenect2/include/libfreenect2/packet_processor.h</string>
				<key>sourceTree</key>
				<string>SOURCE_ROOT</string>
			</dict>
			<key>60DA3EF2CCC8CEB99A8CD08C</key>
			<dict>
				<key>explicitFileType</key>
				<string>sourcecode.c.h</string>
				<key>fileEncoding</key>
				<string>30</string>
				<key>isa</key>
				<string>PBXFileReference</string>
				<key>name</key>
				<string>packet_pipeline.h</string>
				<key>path</key>
				<string>../../../addons/ofxMultiKinectV2/libs/libfreenect2/include/libfreenect2/packet_pipeline.h</string>
				<key>sourceTree</key>
				<string>SOURCE_ROOT</string>
			</dict>
			<key>C4E1FF8D818A69007A440173</key>
			<dict>
				<key>explicitFileType</key>
				<string>sourcecode.c.h</string>
				<key>fileEncoding</key>
				<string>30</string>
				<key>isa</key>
				<string>PBXFileReference</string>
				<key>name</key>
				<string>logger.h</string>
				<key>path</key>
				<string>../../../addons/ofxMultiKinectV2/libs/libfreenect2/include/libfreenect2/logger.h</string>
				<key>sourceTree</key>
				<string>SOURCE_ROOT</string>
			</dict>
			<key>0DEB93A8588362F00C2EA199</key>
			<dict>
				<key>explicitFileType</key>
				<string>sourcecode.c.h</string>
				<key>fileEncoding</key>
				<string>30</string>
				<key>isa</key>
				<string>PBXFileReference</string>
				<key>name</key>
				<string>libfreenect2.hpp</string>
				<key>path</key>
				<string>../../../addons/ofxMultiKinectV2/libs/libfreenect2/include/libfreenect2/libfreenect2.hpp</string>
				<key>sourceTree</key>
				<string>SOURCE_ROOT</string>
			</dict>
			<key>68031AD84CAEE7685BA66BF3</key>
			<dict>
				<key>explicitFileType</key>
				<string>sourcecode.c.h</string>
				<key>fileEncoding</key>
				<string>30</string>
				<key>isa</key>
				<string>PBXFileReference</string>
				<key>name</key>
				<string>frame_listener_impl.h</string>
				<key>path</key>
				<string>../../../addons/ofxMultiKinectV2/libs/libfreenect2/include/libfreenect2/frame_listener_impl.h</string>
				<key>sourceTree</key>
				<string>SOURCE_ROOT</string>
			</dict>
			<key>DCA439B213EB8453BF7ED4C4</key>
			<dict>
				<key>explicitFileType</key>
				<string>sourcecode.c.h</string>
				<key>fileEncoding</key>
				<string>30</string>
				<key>isa</key>
				<string>PBXFileReference</string>
				<key>name</key>
				<string>frame_listener.hpp</string>
				<key>path</key>
				<string>../../../addons/ofxMultiKinectV2/libs/libfreenect2/include/libfreenect2/frame_listener.hpp</string>
				<key>sourceTree</key>
				<string>SOURCE_ROOT</string>
			</dict>
			<key>572037D5C0BCA0838304340F</key>
			<dict>
				<key>explicitFileType</key>
				<string>sourcecode.c.h</string>
				<key>fileEncoding</key>
				<string>30</string>
				<key>isa</key>
				<string>PBXFileReference</string>
				<key>name</key>
				<string>export.h</string>
				<key>path</key>
				<string>../../../addons/ofxMultiKinectV2/libs/libfreenect2/include/libfreenect2/export.h</string>
				<key>sourceTree</key>
				<string>SOURCE_ROOT</string>
			</dict>
			<key>AB5CD2BA97C0284CF9C84D55</key>
			<dict>
				<key>explicitFileType</key>
				<string>sourcecode.c.h</string>
				<key>fileEncoding</key>
				<string>30</string>
				<key>isa</key>
				<string>PBXFileReference</string>
				<key>name</key>
				<string>depth_packet_stream_parser.h</string>
				<key>path</key>
				<string>../../../addons/ofxMultiKinectV2/libs/libfreenect2/include/libfreenect2/depth_packet_stream_parser.h</string>
				<key>sourceTree</key>
				<string>SOURCE_ROOT</string>
			</dict>
			<key>86128F51F101A04430E135E4</key>
			<dict>
				<key>explicitFileType</key>
				<string>sourcecode.c.h</string>
				<key>fileEncoding</key>
				<string>30</string>
				<key>isa</key>
				<string>PBXFileReference</string>
				<key>name</key>
				<string>depth_packet_processor.h</string>
				<key>path</key>
				<string>../../../addons/ofxMultiKinectV2/libs/libfreenect2/include/libfreenect2/depth_packet_processor.h</string>
				<key>sourceTree</key>
				<string>SOURCE_ROOT</string>
			</dict>
			<key>2E1C661E22E2C0F69ACB07F7</key>
			<dict>
				<key>explicitFileType</key>
				<string>sourcecode.c.h</string>
				<key>fileEncoding</key>
				<string>30</string>
				<key>isa</key>
				<string>PBXFileReference</string>
				<key>name</key>
				<string>data_callback.h</string>
				<key>path</key>
				<string>../../../addons/ofxMultiKinectV2/libs/libfreenect2/include/libfreenect2/data_callback.h</string>
				<key>sourceTree</key>
				<string>SOURCE_ROOT</string>
			</dict>
			<key>CE6C69BD053855782663415E</key>
			<dict>
				<key>explicitFileType</key>
				<string>sourcecode.c.h</string>
				<key>fileEncoding</key>
				<string>30</string>
				<key>isa</key>
				<string>PBXFileReference</string>
				<key>name</key>
				<string>config.h</string>
				<key>path</key>
				<string>../../../addons/ofxMultiKinectV2/libs/libfreenect2/include/libfreenect2/config.h</string>
				<key>sourceTree</key>
				<string>SOURCE_ROOT</string>
			</dict>
			<key>C689BA6923DD80DB32E0FECE</key>
			<dict>
				<key>explicitFileType</key>
				<string>sourcecode.c.h</string>
				<key>fileEncoding</key>
				<string>30</string>
				<key>isa</key>
				<string>PBXFileReference</string>
				<key>name</key>
				<string>async_packet_processor.h</string>
				<key>path</key>
				<string>../../../addons/ofxMultiKinectV2/libs/libfreenect2/include/libfreenect2/async_packet_processor.h</string>
				<key>sourceTree</key>
				<string>SOURCE_ROOT</string>
			</dict>
			<key>0F4D6C12B0BA66B76948B629</key>
			<dict>
				<key>children</key>
				<array>
					<string>271CDB7FC604E89BDA094CE1</string>
					<string>C689BA6923DD80DB32E0FECE</string>
					<string>CE6C69BD053855782663415E</string>
					<string>2E1C661E22E2C0F69ACB07F7</string>
					<string>86128F51F101A04430E135E4</string>
					<string>AB5CD2BA97C0284CF9C84D55</string>
					<string>572037D5C0BCA0838304340F</string>
					<string>DCA439B213EB8453BF7ED4C4</string>
					<string>68031AD84CAEE7685BA66BF3</string>
					<string>0DEB93A8588362F00C2EA199</string>
					<string>C4E1FF8D818A69007A440173</string>
					<string>60DA3EF2CCC8CEB99A8CD08C</string>
					<string>AC2ACAC626DB1694A6DE980D</string>
					<string>FE9AE8C81809B00E377D25C8</string>
					<string>630785A8FEAC369F211F5F99</string>
					<string>67069D0B51EE41EBED3E7DCC</string>
					<string>71F853E331AB87C80EDCE1C1</string>
				</array>
				<key>isa</key>
				<string>PBXGroup</string>
				<key>name</key>
				<string>libfreenect2</string>
				<key>sourceTree</key>
				<string>&lt;group&gt;</string>
			</dict>
			<key>61036B9EFB049EE1F7F28852</key>
			<dict>
				<key>children</key>
				<array>
					<string>0F4D6C12B0BA66B76948B629</string>
				</array>
				<key>isa</key>
				<string>PBXGroup</string>
				<key>name</key>
				<string>include</string>
				<key>sourceTree</key>
				<string>&lt;group&gt;</string>
			</dict>
			<key>852386D79098F0A9D41EA0AE</key>
			<dict>
				<key>children</key>
				<array>
					<string>61036B9EFB049EE1F7F28852</string>
				</array>
				<key>isa</key>
				<string>PBXGroup</string>
				<key>name</key>
				<string>libfreenect2</string>
				<key>sourceTree</key>
				<string>&lt;group&gt;</string>
			</dict>
			<key>B1EA6804299B067BB532E788</key>
			<dict>
				<key>children</key>
				<array>
					<string>852386D79098F0A9D41EA0AE</string>
					<string>F6BD98D998A421678C36489C</string>
					<string>06E31D3687118797DD86DB35</string>
				</array>
				<key>isa</key>
				<string>PBXGroup</string>
				<key>name</key>
				<string>libs</string>
				<key>sourceTree</key>
				<string>&lt;group&gt;</string>
			</dict>
			<key>271CDB7FC604E89BDA094CE1</key>
			<dict>
				<key>explicitFileType</key>
				<string>sourcecode.c.h</string>
				<key>fileEncoding</key>
				<string>30</string>
				<key>isa</key>
				<string>PBXFileReference</string>
				<key>name</key>
				<string>allocator.h</string>
				<key>path</key>
				<string>../../../addons/ofxMultiKinectV2/libs/libfreenect2/include/libfreenect2/allocator.h</string>
				<key>sourceTree</key>
				<string>SOURCE_ROOT</string>
			</dict>
			<key>6AE30026C49A5F2BF5A49504</key>
			<dict>
				<key>explicitFileType</key>
				<string>sourcecode.c.h</string>
				<key>fileEncoding</key>
				<string>30</string>
				<key>isa</key>
				<string>PBXFileReference</string>
				<key>name</key>
				<string>GpuRegistration.h</string>
				<key>path</key>
				<string>../../../addons/ofxMultiKinectV2/src/opt/GpuRegistration.h</string>
				<key>sourceTree</key>
				<string>SOURCE_ROOT</string>
			</dict>
			<key>E83C6B00A8BCC5059DEC7337</key>
			<dict>
				<key>children</key>
				<array>
					<string>8CE5BC5A01CE5C55E2DCA340</string>
					<string>6AE30026C49A5F2BF5A49504</string>
				</array>
				<key>isa</key>
				<string>PBXGroup</string>
				<key>name</key>
				<string>opt</string>
				<key>sourceTree</key>
				<string>&lt;group&gt;</string>
			</dict>
			<key>879FF62052195AD1A4F2D72E</key>
			<dict>
				<key>fileRef</key>
				<string>8CE5BC5A01CE5C55E2DCA340</string>
				<key>isa</key>
				<string>PBXBuildFile</string>
			</dict>
			<key>8CE5BC5A01CE5C55E2DCA340</key>
			<dict>
				<key>explicitFileType</key>
				<string>sourcecode.cpp.cpp</string>
				<key>fileEncoding</key>
				<string>30</string>
				<key>isa</key>
				<string>PBXFileReference</string>
				<key>name</key>
				<string>GpuRegistration.cpp</string>
				<key>path</key>
				<string>../../../addons/ofxMultiKinectV2/src/opt/GpuRegistration.cpp</string>
				<key>sourceTree</key>
				<string>SOURCE_ROOT</string>
			</dict>
			<key>816449767129EBFC97DADE00</key>
			<dict>
				<key>explicitFileType</key>
				<string>sourcecode.c.h</string>
				<key>fileEncoding</key>
				<string>30</string>
				<key>isa</key>
				<string>PBXFileReference</string>
				<key>name</key>
				<string>ofxMultiKinectV2.h</string>
				<key>path</key>
				<string>../../../addons/ofxMultiKinectV2/src/ofxMultiKinectV2.h</string>
				<key>sourceTree</key>
				<string>SOURCE_ROOT</string>
			</dict>
			<key>B87DD76C4FB05646B9846249</key>
			<dict>
				<key>children</key>
				<array>
					<string>024A679F5A3B638E46C3F54F</string>
					<string>816449767129EBFC97DADE00</string>
					<string>E83C6B00A8BCC5059DEC7337</string>
				</array>
				<key>isa</key>
				<string>PBXGroup</string>
				<key>name</key>
				<string>src</string>
				<key>sourceTree</key>
				<string>&lt;group&gt;</string>
			</dict>
			<key>95DA0149F6FE8A2707A30A41</key>
			<dict>
				<key>children</key>
				<array>
					<string>B87DD76C4FB05646B9846249</string>
					<string>B1EA6804299B067BB532E788</string>
					<string>363445DB5340801376F77550</string>
				</array>
				<key>isa</key>
				<string>PBXGroup</string>
				<key>name</key>
				<string>ofxMultiKinectV2</string>
				<key>sourceTree</key>
				<string>&lt;group&gt;</string>
			</dict>
			<key>A7C0D61E90A5E31756CB3030</key>
			<dict>
				<key>fileRef</key>
				<string>024A679F5A3B638E46C3F54F</string>
				<key>isa</key>
				<string>PBXBuildFile</string>
			</dict>
			<key>024A679F5A3B638E46C3F54F</key>
			<dict>
				<key>explicitFileType</key>
				<string>sourcecode.cpp.cpp</string>
				<key>fileEncoding</key>
				<string>30</string>
				<key>isa</key>
				<string>PBXFileReference</string>
				<key>name</key>
				<string>ofxMultiKinectV2.cpp</string>
				<key>path</key>
				<string>../../../addons/ofxMultiKinectV2/src/ofxMultiKinectV2.cpp</string>
				<key>sourceTree</key>
				<string>SOURCE_ROOT</string>
			</dict>
			<key>964026486FAEDC6A7CCAF847</key>
			<dict>
				<key>children</key>
				<array>
					<string>F7095C30AC932F9AF9DA8DE4</string>
				</array>
				<key>isa</key>
				<string>PBXGroup</string>
				<key>name</key>
				<string>src</string>
				<key>sourceTree</key>
				<string>&lt;group&gt;</string>
			</dict>
			<key>58E8E0D22B483B216158FC17</key>
			<dict>
				<key>children</key>
				<array>
					<string>964026486FAEDC6A7CCAF847</string>
				</array>
				<key>isa</key>
				<string>PBXGroup</string>
				<key>name</key>
				<string>ofxImageSequenceRecorder</string>
				<key>sourceTree</key>
				<string>&lt;group&gt;</string>
			</dict>
			<key>F7095C30AC932F9AF9DA8DE4</key>
			<dict>
				<key>explicitFileType</key>
				<string>sourcecode.c.h</string>
				<key>fileEncoding</key>
				<string>30</string>
				<key>isa</key>
				<string>PBXFileReference</string>
				<key>name</key>
				<string>ofxImageSequenceRecorder.h</string>
				<key>path</key>
				<string>../../../addons/ofxImageSequenceRecorder/src/ofxImageSequenceRecorder.h</string>
				<key>sourceTree</key>
				<string>SOURCE_ROOT</string>
			</dict>
			<key>21E1E3071CB7B11914428B62</key>
			<dict>
				<key>explicitFileType</key>
				<string>sourcecode.c.h</string>
				<key>fileEncoding</key>
				<string>30</string>
				<key>isa</key>
				<string>PBXFileReference</string>
				<key>name</key>
				<string>ofxDatGuiThemes.h</string>
				<key>path</key>
				<string>../../../addons/ofxDatGui/src/themes/ofxDatGuiThemes.h</string>
				<key>sourceTree</key>
				<string>SOURCE_ROOT</string>
			</dict>
			<key>911FE1C75E520EE70A7B4830</key>
			<dict>
				<key>children</key>
				<array>
					<string>B498F0559F473CF855EF6062</string>
					<string>21E1E3071CB7B11914428B62</string>
				</array>
				<key>isa</key>
				<string>PBXGroup</string>
				<key>name</key>
				<string>themes</string>
				<key>sourceTree</key>
				<string>&lt;group&gt;</string>
			</dict>
			<key>B498F0559F473CF855EF6062</key>
			<dict>
				<key>explicitFileType</key>
				<string>sourcecode.c.h</string>
				<key>fileEncoding</key>
				<string>30</string>
				<key>isa</key>
				<string>PBXFileReference</string>
				<key>name</key>
				<string>ofxDatGuiTheme.h</string>
				<key>path</key>
				<string>../../../addons/ofxDatGui/src/themes/ofxDatGuiTheme.h</string>
				<key>sourceTree</key>
				<string>SOURCE_ROOT</string>
			</dict>
			<key>9705D66270ED89ECA6E6FECE</key>
			<dict>
				<key>explicitFileType</key>
				<string>sourcecode.c.h</string>
				<key>fileEncoding</key>
				<string>30</string>
				<key>isa</key>
				<string>PBXFileReference</string>
				<key>name</key>
				<string>ofxDatGui.h</string>
				<key>path</key>
				<string>../../../addons/ofxDatGui/src/ofxDatGui.h</string>
				<key>sourceTree</key>
				<string>SOURCE_ROOT</string>
			</dict>
			<key>C9466C434D1CF8AB968D298D</key>
			<dict>
				<key>fileRef</key>
				<string>26490D7CC31EF7D6ED5F925A</string>
				<key>isa</key>
				<string>PBXBuildFile</string>
			</dict>
			<key>26490D7CC31EF7D6ED5F925A</key>
			<dict>
				<key>explicitFileType</key>
				<string>sourcecode.cpp.cpp</string>
				<key>fileEncoding</key>
				<string>30</string>
				<key>isa</key>
				<string>PBXFileReference</string>
				<key>name</key>
				<string>ofxDatGui.cpp</string>
				<key>path</key>
				<string>../../../addons/ofxDatGui/src/ofxDatGui.cpp</string>
				<key>sourceTree</key>
				<string>SOURCE_ROOT</string>
			</dict>
			<key>896211FFD7650884437CE42C</key>
			<dict>
				<key>explicitFileType</key>
				<string>sourcecode.c.h</string>
				<key>fileEncoding</key>
				<string>30</string>
				<key>isa</key>
				<string>PBXFileReference</string>
				<key>name</key>
				<string>ofxSmartFont.h</string>
				<key>path</key>
				<string>../../../addons/ofxDatGui/src/libs/ofxSmartFont/ofxSmartFont.h</string>
				<key>sourceTree</key>
				<string>SOURCE_ROOT</string>
			</dict>
			<key>0EF29D3ABD6E4147AE024D7A</key>
			<dict>
				<key>children</key>
				<array>
					<string>C954E0E8B7DB9D6983309883</string>
					<string>896211FFD7650884437CE42C</string>
				</array>
				<key>isa</key>
				<string>PBXGroup</string>
				<key>name</key>
				<string>ofxSmartFont</string>
				<key>sourceTree</key>
				<string>&lt;group&gt;</string>
			</dict>
			<key>69146F0BA46E48E576618E5E</key>
			<dict>
				<key>children</key>
				<array>
					<string>0EF29D3ABD6E4147AE024D7A</string>
				</array>
				<key>isa</key>
				<string>PBXGroup</string>
				<key>name</key>
				<string>libs</string>
				<key>sourceTree</key>
				<string>&lt;group&gt;</string>
			</dict>
			<key>9CF4130A7E6DA19A3DC42B9A</key>
			<dict>
				<key>fileRef</key>
				<string>C954E0E8B7DB9D6983309883</string>
				<key>isa</key>
				<string>PBXBuildFile</string>
			</dict>
			<key>C954E0E8B7DB9D6983309883</key>
			<dict>
				<key>explicitFileType</key>
				<string>sourcecode.cpp.cpp</string>
				<key>fileEncoding</key>
				<string>30</string>
				<key>isa</key>
				<string>PBXFileReference</string>
				<key>name</key>
				<string>ofxSmartFont.cpp</string>
				<key>path</key>
				<string>../../../addons/ofxDatGui/src/libs/ofxSmartFont/ofxSmartFont.cpp</string>
				<key>sourceTree</key>
				<string>SOURCE_ROOT</string>
			</dict>
			<key>422C4E1AAC7EC4D30B17702D</key>
			<dict>
				<key>explicitFileType</key>
				<string>sourcecode.c.h</string>
				<key>fileEncoding</key>
				<string>30</string>
				<key>isa</key>
				<string>PBXFileReference</string>
				<key>name</key>
				<string>ofxDatGuiIntObject.h</string>
				<key>path</key>
				<string>../../../addons/ofxDatGui/src/core/ofxDatGuiIntObject.h</string>
				<key>sourceTree</key>
				<string>SOURCE_ROOT</string>
			</dict>
			<key>F59384ED57A7C6A7A8B0351D</key>
			<dict>
				<key>explicitFileType</key>
				<string>sourcecode.c.h</string>
				<key>fileEncoding</key>
				<string>30</string>
				<key>isa</key>
				<string>PBXFileReference</string>
				<key>name</key>
				<string>ofxDatGuiEvents.h</string>
				<key>path</key>
				<string>../../../addons/ofxDatGui/src/core/ofxDatGuiEvents.h</string>
				<key>sourceTree</key>
				<string>SOURCE_ROOT</string>
			</dict>
			<key>9B5051062C6A871714E6F5F4</key>
			<dict>
				<key>explicitFileType</key>
				<string>sourcecode.c.h</string>
				<key>fileEncoding</key>
				<string>30</string>
				<key>isa</key>
				<string>PBXFileReference</string>
				<key>name</key>
				<string>ofxDatGuiConstants.h</string>
				<key>path</key>
				<string>../../../addons/ofxDatGui/src/core/ofxDatGuiConstants.h</string>
				<key>sourceTree</key>
				<string>SOURCE_ROOT</string>
			</dict>
			<key>BCC84C6EB3417706F4F762F0</key>
			<dict>
				<key>explicitFileType</key>
				<string>sourcecode.c.h</string>
				<key>fileEncoding</key>
				<string>30</string>
				<key>isa</key>
				<string>PBXFileReference</string>
				<key>name</key>
				<string>ofxDatGuiComponent.h</string>
				<key>path</key>
				<string>../../../addons/ofxDatGui/src/core/ofxDatGuiComponent.h</string>
				<key>sourceTree</key>
				<string>SOURCE_ROOT</string>
			</dict>
			<key>8870759BC9CAEA1E4E9EA3A8</key>
			<dict>
				<key>children</key>
				<array>
					<string>1A3E3B8F332A1A3C7EDF4998</string>
					<string>BCC84C6EB3417706F4F762F0</string>
					<string>9B5051062C6A871714E6F5F4</string>
					<string>F59384ED57A7C6A7A8B0351D</string>
					<string>422C4E1AAC7EC4D30B17702D</string>
				</array>
				<key>isa</key>
				<string>PBXGroup</string>
				<key>name</key>
				<string>core</string>
				<key>sourceTree</key>
				<string>&lt;group&gt;</string>
			</dict>
			<key>D3C1C48E59CAA2D68C0DD477</key>
			<dict>
				<key>fileRef</key>
				<string>1A3E3B8F332A1A3C7EDF4998</string>
				<key>isa</key>
				<string>PBXBuildFile</string>
			</dict>
			<key>1A3E3B8F332A1A3C7EDF4998</key>
			<dict>
				<key>explicitFileType</key>
				<string>sourcecode.cpp.cpp</string>
				<key>fileEncoding</key>
				<string>30</string>
				<key>isa</key>
				<string>PBXFileReference</string>
				<key>name</key>
				<string>ofxDatGuiComponent.cpp</string>
				<key>path</key>
				<string>../../../addons/ofxDatGui/src/core/ofxDatGuiComponent.cpp</string>
				<key>sourceTree</key>
				<string>SOURCE_ROOT</string>
			</dict>
			<key>0A42C807BEF3A18E8E105A3B</key>
			<dict>
				<key>explicitFileType</key>
				<string>sourcecode.c.h</string>
				<key>fileEncoding</key>
				<string>30</string>
				<key>isa</key>
				<string>PBXFileReference</string>
				<key>name</key>
				<string>ofxDatGuiTimeGraph.h</string>
				<key>path</key>
				<string>../../../addons/ofxDatGui/src/components/ofxDatGuiTimeGraph.h</string>
				<key>sourceTree</key>
				<string>SOURCE_ROOT</string>
			</dict>
			<key>04C339FF9ADCF05DF2DA62A3</key>
			<dict>
				<key>explicitFileType</key>
				<string>sourcecode.c.h</string>
				<key>fileEncoding</key>
				<string>30</string>
				<key>isa</key>
				<string>PBXFileReference</string>
				<key>name</key>
				<string>ofxDatGuiTextInputField.h</string>
				<key>path</key>
				<string>../../../addons/ofxDatGui/src/components/ofxDatGuiTextInputField.h</string>
				<key>sourceTree</key>
				<string>SOURCE_ROOT</string>
			</dict>
			<key>C085A33340AB0C1DB647AC2F</key>
			<dict>
				<key>explicitFileType</key>
				<string>sourcecode.c.h</string>
				<key>fileEncoding</key>
				<string>30</string>
				<key>isa</key>
				<string>PBXFileReference</string>
				<key>name</key>
				<string>ofxDatGuiTextInput.h</string>
				<key>path</key>
				<string>../../../addons/ofxDatGui/src/components/ofxDatGuiTextInput.h</string>
				<key>sourceTree</key>
				<string>SOURCE_ROOT</string>
			</dict>
			<key>D0D6A66BEBA820EA1D396889</key>
			<dict>
				<key>explicitFileType</key>
				<string>sourcecode.c.h</string>
				<key>fileEncoding</key>
				<string>30</string>
				<key>isa</key>
				<string>PBXFileReference</string>
				<key>name</key>
				<string>ofxDatGuiSlider.h</string>
				<key>path</key>
				<string>../../../addons/ofxDatGui/src/components/ofxDatGuiSlider.h</string>
				<key>sourceTree</key>
				<string>SOURCE_ROOT</string>
			</dict>
			<key>545BBA6F6669BED2DA497BC6</key>
			<dict>
				<key>explicitFileType</key>
				<string>sourcecode.c.h</string>
				<key>fileEncoding</key>
				<string>30</string>
				<key>isa</key>
				<string>PBXFileReference</string>
				<key>name</key>
				<string>ofxDatGuiScrollView.h</string>
				<key>path</key>
				<string>../../../addons/ofxDatGui/src/components/ofxDatGuiScrollView.h</string>
				<key>sourceTree</key>
				<string>SOURCE_ROOT</string>
			</dict>
			<key>CDF7278CB636137FE7BF91A5</key>
			<dict>
				<key>explicitFileType</key>
				<string>sourcecode.c.h</string>
				<key>fileEncoding</key>
				<string>30</string>
				<key>isa</key>
				<string>PBXFileReference</string>
				<key>name</key>
				<string>ofxDatGuiMatrix.h</string>
				<key>path</key>
				<string>../../../addons/ofxDatGui/src/components/ofxDatGuiMatrix.h</string>
				<key>sourceTree</key>
				<string>SOURCE_ROOT</string>
			</dict>
			<key>787315438BF1DD00C81DF413</key>
			<dict>
				<key>explicitFileType</key>
				<string>sourcecode.c.h</string>
				<key>fileEncoding</key>
				<string>30</string>
				<key>isa</key>
				<string>PBXFileReference</string>
				<key>name</key>
				<string>ofxDatGuiLabel.h</string>
				<key>path</key>
				<string>../../../addons/ofxDatGui/src/components/ofxDatGuiLabel.h</string>
				<key>sourceTree</key>
				<string>SOURCE_ROOT</string>
			</dict>
			<key>744031A3E8F8DAF9FE6F3EA8</key>
			<dict>
				<key>explicitFileType</key>
				<string>sourcecode.c.h</string>
				<key>fileEncoding</key>
				<string>30</string>
				<key>isa</key>
				<string>PBXFileReference</string>
				<key>name</key>
				<string>ofxDatGuiGroups.h</string>
				<key>path</key>
				<string>../../../addons/ofxDatGui/src/components/ofxDatGuiGroups.h</string>
				<key>sourceTree</key>
				<string>SOURCE_ROOT</string>
			</dict>
			<key>64C563B8158C37E9D07AE29D</key>
			<dict>
				<key>explicitFileType</key>
				<string>sourcecode.c.h</string>
				<key>fileEncoding</key>
				<string>30</string>
				<key>isa</key>
				<string>PBXFileReference</string>
				<key>name</key>
				<string>ofxDatGuiFRM.h</string>
				<key>path</key>
				<string>../../../addons/ofxDatGui/src/components/ofxDatGuiFRM.h</string>
				<key>sourceTree</key>
				<string>SOURCE_ROOT</string>
			</dict>
			<key>E100ED9DCB412957A879CD5A</key>
			<dict>
				<key>explicitFileType</key>
				<string>sourcecode.c.h</string>
				<key>fileEncoding</key>
				<string>30</string>
				<key>isa</key>
				<string>PBXFileReference</string>
				<key>name</key>
				<string>ofxDatGuiControls.h</string>
				<key>path</key>
				<string>../../../addons/ofxDatGui/src/components/ofxDatGuiControls.h</string>
				<key>sourceTree</key>
				<string>SOURCE_ROOT</string>
			</dict>
			<key>C84ED7FCC017328C6F58283D</key>
			<dict>
				<key>explicitFileType</key>
				<string>sourcecode.c.h</string>
				<key>fileEncoding</key>
				<string>30</string>
				<key>isa</key>
				<string>PBXFileReference</string>
				<key>name</key>
				<string>ofxDatGuiColorPicker.h</string>
				<key>path</key>
				<string>../../../addons/ofxDatGui/src/components/ofxDatGuiColorPicker.h</string>
				<key>sourceTree</key>
				<string>SOURCE_ROOT</string>
			</dict>
			<key>FDA86F4C2F1F1964D35391C6</key>
			<dict>
				<key>explicitFileType</key>
				<string>sourcecode.c.h</string>
				<key>fileEncoding</key>
				<string>30</string>
				<key>isa</key>
				<string>PBXFileReference</string>
				<key>name</key>
				<string>ofxDatGuiButton.h</string>
				<key>path</key>
				<string>../../../addons/ofxDatGui/src/components/ofxDatGuiButton.h</string>
				<key>sourceTree</key>
				<string>SOURCE_ROOT</string>
			</dict>
			<key>947FCD1248D8B0A16B53C1AA</key>
			<dict>
				<key>children</key>
				<array>
					<string>902724601B82C6AD81BBCD71</string>
					<string>FDA86F4C2F1F1964D35391C6</string>
					<string>C84ED7FCC017328C6F58283D</string>
					<string>E100ED9DCB412957A879CD5A</string>
					<string>64C563B8158C37E9D07AE29D</string>
					<string>744031A3E8F8DAF9FE6F3EA8</string>
					<string>787315438BF1DD00C81DF413</string>
					<string>CDF7278CB636137FE7BF91A5</string>
					<string>545BBA6F6669BED2DA497BC6</string>
					<string>D0D6A66BEBA820EA1D396889</string>
					<string>C085A33340AB0C1DB647AC2F</string>
					<string>04C339FF9ADCF05DF2DA62A3</string>
					<string>0A42C807BEF3A18E8E105A3B</string>
				</array>
				<key>isa</key>
				<string>PBXGroup</string>
				<key>name</key>
				<string>components</string>
				<key>sourceTree</key>
				<string>&lt;group&gt;</string>
			</dict>
			<key>E9B32C117486580389FAFF01</key>
			<dict>
				<key>children</key>
				<array>
					<string>947FCD1248D8B0A16B53C1AA</string>
					<string>8870759BC9CAEA1E4E9EA3A8</string>
					<string>69146F0BA46E48E576618E5E</string>
					<string>26490D7CC31EF7D6ED5F925A</string>
					<string>9705D66270ED89ECA6E6FECE</string>
					<string>911FE1C75E520EE70A7B4830</string>
				</array>
				<key>isa</key>
				<string>PBXGroup</string>
				<key>name</key>
				<string>src</string>
				<key>sourceTree</key>
				<string>&lt;group&gt;</string>
			</dict>
			<key>D8DD1043C333F6F63C8685E6</key>
			<dict>
				<key>children</key>
				<array>
					<string>E9B32C117486580389FAFF01</string>
				</array>
				<key>isa</key>
				<string>PBXGroup</string>
				<key>name</key>
				<string>ofxDatGui</string>
				<key>sourceTree</key>
				<string>&lt;group&gt;</string>
			</dict>
			<key>902724601B82C6AD81BBCD71</key>
			<dict>
				<key>explicitFileType</key>
				<string>sourcecode.c.h</string>
				<key>fileEncoding</key>
				<string>30</string>
				<key>isa</key>
				<string>PBXFileReference</string>
				<key>name</key>
				<string>ofxDatGui2dPad.h</string>
				<key>path</key>
				<string>../../../addons/ofxDatGui/src/components/ofxDatGui2dPad.h</string>
				<key>sourceTree</key>
				<string>SOURCE_ROOT</string>
			</dict>
			<key>6948EE371B920CB800B5AC1A</key>
			<dict>
				<key>children</key>
				<array />
				<key>isa</key>
				<string>PBXGroup</string>
				<key>name</key>
				<string>local_addons</string>
				<key>sourceTree</key>
				<string>&lt;group&gt;</string>
			</dict>
			<key>BB4B014C10F69532006C3DED</key>
			<dict>
				<key>children</key>
				<array>
					<string>D8DD1043C333F6F63C8685E6</string>
					<string>58E8E0D22B483B216158FC17</string>
					<string>95DA0149F6FE8A2707A30A41</string>
					<string>334E8B760835B4E270BF0E5C</string>
				</array>
				<key>isa</key>
				<string>PBXGroup</string>
				<key>name</key>
				<string>addons</string>
				<key>sourceTree</key>
				<string>&lt;group&gt;</string>
			</dict>
			<key>E4328143138ABC890047C5CB</key>
			<dict>
				<key>isa</key>
				<string>PBXFileReference</string>
				<key>lastKnownFileType</key>
				<string>wrapper.pb-project</string>
				<key>name</key>
				<string>openFrameworksLib.xcodeproj</string>
				<key>path</key>
				<string>../../../libs/openFrameworksCompiled/project/osx/openFrameworksLib.xcodeproj</string>
				<key>sourceTree</key>
				<string>SOURCE_ROOT</string>
			</dict>
			<key>E4328144138ABC890047C5CB</key>
			<dict>
				<key>children</key>
				<array>
					<string>E4328148138ABC890047C5CB</string>
				</array>
				<key>isa</key>
				<string>PBXGroup</string>
				<key>name</key>
				<string>Products</string>
				<key>sourceTree</key>
				<string>&lt;group&gt;</string>
			</dict>
			<key>E4328147138ABC890047C5CB</key>
			<dict>
				<key>containerPortal</key>
				<string>E4328143138ABC890047C5CB</string>
				<key>isa</key>
				<string>PBXContainerItemProxy</string>
				<key>proxyType</key>
				<string>2</string>
				<key>remoteGlobalIDString</key>
				<string>E4B27C1510CBEB8E00536013</string>
				<key>remoteInfo</key>
				<string>openFrameworks</string>
			</dict>
			<key>E4328148138ABC890047C5CB</key>
			<dict>
				<key>fileType</key>
				<string>archive.ar</string>
				<key>isa</key>
				<string>PBXReferenceProxy</string>
				<key>path</key>
				<string>openFrameworksDebug.a</string>
				<key>remoteRef</key>
				<string>E4328147138ABC890047C5CB</string>
				<key>sourceTree</key>
				<string>BUILT_PRODUCTS_DIR</string>
			</dict>
			<key>E4328149138ABC9F0047C5CB</key>
			<dict>
				<key>fileRef</key>
				<string>E4328148138ABC890047C5CB</string>
				<key>isa</key>
				<string>PBXBuildFile</string>
			</dict>
			<key>E4B69B4A0A3A1720003C02F2</key>
			<dict>
				<key>children</key>
				<array>
					<string>E4B6FCAD0C3E899E008CF71C</string>
					<string>E4EB6923138AFD0F00A09F29</string>
					<string>E4B69E1C0A3A1BDC003C02F2</string>
					<string>E4EEC9E9138DF44700A80321</string>
					<string>BB4B014C10F69532006C3DED</string>
					<string>6948EE371B920CB800B5AC1A</string>
					<string>E4B69B5B0A3A1756003C02F2</string>
				</array>
				<key>isa</key>
				<string>PBXGroup</string>
				<key>sourceTree</key>
				<string>&lt;group&gt;</string>
			</dict>
			<key>E4B69B4C0A3A1720003C02F2</key>
			<dict>
				<key>attributes</key>
				<dict>
					<key>LastUpgradeCheck</key>
					<string>0600</string>
				</dict>
				<key>buildConfigurationList</key>
				<string>E4B69B4D0A3A1720003C02F2</string>
				<key>compatibilityVersion</key>
				<string>Xcode 3.2</string>
				<key>developmentRegion</key>
				<string>English</string>
				<key>hasScannedForEncodings</key>
				<string>0</string>
				<key>isa</key>
				<string>PBXProject</string>
				<key>knownRegions</key>
				<array>
					<string>English</string>
					<string>Japanese</string>
					<string>French</string>
					<string>German</string>
				</array>
				<key>mainGroup</key>
				<string>E4B69B4A0A3A1720003C02F2</string>
				<key>productRefGroup</key>
				<string>E4B69B4A0A3A1720003C02F2</string>
				<key>projectDirPath</key>
				<string />
				<key>projectReferences</key>
				<array>
					<dict>
						<key>ProductGroup</key>
						<string>E4328144138ABC890047C5CB</string>
						<key>ProjectRef</key>
						<string>E4328143138ABC890047C5CB</string>
					</dict>
				</array>
				<key>projectRoot</key>
				<string />
				<key>targets</key>
				<array>
					<string>E4B69B5A0A3A1756003C02F2</string>
				</array>
			</dict>
			<key>E4B69B4D0A3A1720003C02F2</key>
			<dict>
				<key>buildConfigurations</key>
				<array>
					<string>E4B69B4E0A3A1720003C02F2</string>
					<string>E4B69B4F0A3A1720003C02F2</string>
				</array>
				<key>defaultConfigurationIsVisible</key>
				<string>0</string>
				<key>defaultConfigurationName</key>
				<string>Release</string>
				<key>isa</key>
				<string>XCConfigurationList</string>
			</dict>
			<key>E4B69B4E0A3A1720003C02F2</key>
			<dict>
				<key>baseConfigurationReference</key>
				<string>E4EB6923138AFD0F00A09F29</string>
				<key>buildSettings</key>
				<dict>
					<key>OTHER_LDFLAGS</key>
					<array>
						<string>$(OF_CORE_FRAMEWORKS) $(OF_CORE_LIBS)</string>
						<string>../../../addons/ofxMultiKinectV2/libs/libfreenect2/lib/osx/libfreenect2.a</string>
						<string>../../../addons/ofxMultiKinectV2/libs/libusb/lib/osx/usb-1.0.0-superspeed.a</string>
						<string>../../../addons/ofxTurboJpeg/libs/turbo-jpeg/lib/osx/libturbojpeg.dylib</string>
					</array>
					<key>HEADER_SEARCH_PATHS</key>
					<array>
						<string>$(OF_CORE_HEADERS)</string>
						<string>src</string>
						<string>../../../addons/ofxDatGui/src</string>
						<string>../../../addons/ofxDatGui/src/components</string>
						<string>../../../addons/ofxDatGui/src/core</string>
						<string>../../../addons/ofxDatGui/src/libs</string>
						<string>../../../addons/ofxDatGui/src/libs/ofxSmartFont</string>
						<string>../../../addons/ofxDatGui/src/themes</string>
						<string>../../../addons/ofxImageSequenceRecorder/src</string>
						<string>../../../addons/ofxMultiKinectV2/libs</string>
						<string>../../../addons/ofxMultiKinectV2/libs/libfreenect2</string>
						<string>../../../addons/ofxMultiKinectV2/libs/libfreenect2/include</string>
						<string>../../../addons/ofxMultiKinectV2/libs/libfreenect2/include/libfreenect2</string>
						<string>../../../addons/ofxMultiKinectV2/libs/libfreenect2/lib</string>
						<string>../../../addons/ofxMultiKinectV2/libs/libfreenect2/lib/osx</string>
						<string>../../../addons/ofxMultiKinectV2/libs/libfreenect2/license</string>
						<string>../../../addons/ofxMultiKinectV2/libs/libusb</string>
						<string>../../../addons/ofxMultiKinectV2/libs/libusb/include</string>
						<string>../../../addons/ofxMultiKinectV2/libs/libusb/include/libusb</string>
						<string>../../../addons/ofxMultiKinectV2/libs/libusb/include/libusb/os</string>
						<string>../../../addons/ofxMultiKinectV2/libs/libusb/lib</string>
						<string>../../../addons/ofxMultiKinectV2/libs/libusb/lib/osx</string>
						<string>../../../addons/ofxMultiKinectV2/libs/protonect</string>
						<string>../../../addons/ofxMultiKinectV2/src</string>
						<string>../../../addons/ofxMultiKinectV2/src/opt</string>
						<string>../../../addons/ofxTurboJpeg/src/</string>
						<string>../../../addons/ofxTurboJpeg/libs/turbo-jpeg/include</string>
					</array>
					<key>CONFIGURATION_BUILD_DIR</key>
					<string>$(SRCROOT)/bin/</string>
					<key>COPY_PHASE_STRIP</key>
					<string>NO</string>
					<key>DEAD_CODE_STRIPPING</key>
					<string>YES</string>
					<key>GCC_AUTO_VECTORIZATION</key>
					<string>YES</string>
					<key>GCC_ENABLE_SSE3_EXTENSIONS</key>
					<string>YES</string>
					<key>GCC_ENABLE_SUPPLEMENTAL_SSE3_INSTRUCTIONS</key>
					<string>YES</string>
					<key>GCC_INLINES_ARE_PRIVATE_EXTERN</key>
					<string>NO</string>
					<key>GCC_OPTIMIZATION_LEVEL</key>
					<string>0</string>
					<key>GCC_SYMBOLS_PRIVATE_EXTERN</key>
					<string>NO</string>
					<key>GCC_WARN_ABOUT_DEPRECATED_FUNCTIONS</key>
					<string>YES</string>
					<key>GCC_WARN_ABOUT_INVALID_OFFSETOF_MACRO</key>
					<string>NO</string>
					<key>GCC_WARN_ALLOW_INCOMPLETE_PROTOCOL</key>
					<string>NO</string>
					<key>GCC_WARN_UNINITIALIZED_AUTOS</key>
					<string>NO</string>
					<key>GCC_WARN_UNUSED_VALUE</key>
					<string>NO</string>
					<key>GCC_WARN_UNUSED_VARIABLE</key>
					<string>NO</string>
					<key>MACOSX_DEPLOYMENT_TARGET</key>
					<string>10.8</string>
					<key>ONLY_ACTIVE_ARCH</key>
					<string>YES</string>
					<key>OTHER_CPLUSPLUSFLAGS</key>
					<array>
						<string>-D__MACOSX_CORE__</string>
						<string>-mtune=native</string>
					</array>
					<key>SDKROOT</key>
					<string>macosx</string>
				</dict>
				<key>isa</key>
				<string>XCBuildConfiguration</string>
				<key>name</key>
				<string>Debug</string>
			</dict>
			<key>E4B69B4F0A3A1720003C02F2</key>
			<dict>
				<key>baseConfigurationReference</key>
				<string>E4EB6923138AFD0F00A09F29</string>
				<key>buildSettings</key>
				<dict>
					<key>OTHER_LDFLAGS</key>
					<array>
						<string>$(OF_CORE_FRAMEWORKS) $(OF_CORE_LIBS)</string>
						<string>../../../addons/ofxMultiKinectV2/libs/libfreenect2/lib/osx/libfreenect2.a</string>
						<string>../../../addons/ofxMultiKinectV2/libs/libusb/lib/osx/usb-1.0.0-superspeed.a</string>
						<string>../../../addons/ofxTurboJpeg/libs/turbo-jpeg/lib/osx/libturbojpeg.dylib</string>
					</array>
					<key>HEADER_SEARCH_PATHS</key>
					<array>
						<string>$(OF_CORE_HEADERS)</string>
						<string>src</string>
						<string>../../../addons/ofxDatGui/src</string>
						<string>../../../addons/ofxDatGui/src/components</string>
						<string>../../../addons/ofxDatGui/src/core</string>
						<string>../../../addons/ofxDatGui/src/libs</string>
						<string>../../../addons/ofxDatGui/src/libs/ofxSmartFont</string>
						<string>../../../addons/ofxDatGui/src/themes</string>
						<string>../../../addons/ofxImageSequenceRecorder/src</string>
						<string>../../../addons/ofxMultiKinectV2/libs</string>
						<string>../../../addons/ofxMultiKinectV2/libs/libfreenect2</string>
						<string>../../../addons/ofxMultiKinectV2/libs/libfreenect2/include</string>
						<string>../../../addons/ofxMultiKinectV2/libs/libfreenect2/include/libfreenect2</string>
						<string>../../../addons/ofxMultiKinectV2/libs/libfreenect2/lib</string>
						<string>../../../addons/ofxMultiKinectV2/libs/libfreenect2/lib/osx</string>
						<string>../../../addons/ofxMultiKinectV2/libs/libfreenect2/license</string>
						<string>../../../addons/ofxMultiKinectV2/libs/libusb</string>
						<string>../../../addons/ofxMultiKinectV2/libs/libusb/include</string>
						<string>../../../addons/ofxMultiKinectV2/libs/libusb/include/libusb</string>
						<string>../../../addons/ofxMultiKinectV2/libs/libusb/include/libusb/os</string>
						<string>../../../addons/ofxMultiKinectV2/libs/libusb/lib</string>
						<string>../../../addons/ofxMultiKinectV2/libs/libusb/lib/osx</string>
						<string>../../../addons/ofxMultiKinectV2/libs/protonect</string>
						<string>../../../addons/ofxMultiKinectV2/src</string>
						<string>../../../addons/ofxMultiKinectV2/src/opt</string>
						<string>../../../addons/ofxTurboJpeg/src/</string>
						<string>../../../addons/ofxTurboJpeg/libs/turbo-jpeg/include</string>
					</array>
					<key>CONFIGURATION_BUILD_DIR</key>
					<string>$(SRCROOT)/bin/</string>
					<key>COPY_PHASE_STRIP</key>
					<string>YES</string>
					<key>DEAD_CODE_STRIPPING</key>
					<string>YES</string>
					<key>GCC_AUTO_VECTORIZATION</key>
					<string>YES</string>
					<key>GCC_ENABLE_SSE3_EXTENSIONS</key>
					<string>YES</string>
					<key>GCC_ENABLE_SUPPLEMENTAL_SSE3_INSTRUCTIONS</key>
					<string>YES</string>
					<key>GCC_INLINES_ARE_PRIVATE_EXTERN</key>
					<string>NO</string>
					<key>GCC_OPTIMIZATION_LEVEL</key>
					<string>3</string>
					<key>GCC_SYMBOLS_PRIVATE_EXTERN</key>
					<string>NO</string>
					<key>GCC_UNROLL_LOOPS</key>
					<string>YES</string>
					<key>GCC_WARN_ABOUT_DEPRECATED_FUNCTIONS</key>
					<string>YES</string>
					<key>GCC_WARN_ABOUT_INVALID_OFFSETOF_MACRO</key>
					<string>NO</string>
					<key>GCC_WARN_ALLOW_INCOMPLETE_PROTOCOL</key>
					<string>NO</string>
					<key>GCC_WARN_UNINITIALIZED_AUTOS</key>
					<string>NO</string>
					<key>GCC_WARN_UNUSED_VALUE</key>
					<string>NO</string>
					<key>GCC_WARN_UNUSED_VARIABLE</key>
					<string>NO</string>
					<key>MACOSX_DEPLOYMENT_TARGET</key>
					<string>10.8</string>
					<key>OTHER_CPLUSPLUSFLAGS</key>
					<array>
						<string>-D__MACOSX_CORE__</string>
						<string>-mtune=native</string>
					</array>
					<key>SDKROOT</key>
					<string>macosx</string>
				</dict>
				<key>isa</key>
				<string>XCBuildConfiguration</string>
				<key>name</key>
				<string>Release</string>
			</dict>
			<key>E4B69B580A3A1756003C02F2</key>
			<dict>
				<key>buildActionMask</key>
				<string>2147483647</string>
				<key>files</key>
				<array>
					<string>E4B69E200A3A1BDC003C02F2</string>
					<string>E4B69E210A3A1BDC003C02F2</string>
					<string>D3C1C48E59CAA2D68C0DD477</string>
					<string>9CF4130A7E6DA19A3DC42B9A</string>
					<string>C9466C434D1CF8AB968D298D</string>
					<string>A7C0D61E90A5E31756CB3030</string>
					<string>879FF62052195AD1A4F2D72E</string>
					<string>8D0B283FA19BACFC2D3533EE</string>
					<string>34A1CD0B670B0A4266464779</string>
				</array>
				<key>isa</key>
				<string>PBXSourcesBuildPhase</string>
				<key>runOnlyForDeploymentPostprocessing</key>
				<string>0</string>
			</dict>
			<key>E4B69B590A3A1756003C02F2</key>
			<dict>
				<key>buildActionMask</key>
				<string>2147483647</string>
				<key>files</key>
				<array>
					<string>E4328149138ABC9F0047C5CB</string>
					<string>B3ACFAB69F9C4AC9F6E8577E</string>
				</array>
				<key>isa</key>
				<string>PBXFrameworksBuildPhase</string>
				<key>runOnlyForDeploymentPostprocessing</key>
				<string>0</string>
			</dict>
			<key>E4B69B5A0A3A1756003C02F2</key>
			<dict>
				<key>buildConfigurationList</key>
				<string>E4B69B5F0A3A1757003C02F2</string>
				<key>buildPhases</key>
				<array>
					<string>E4B69B580A3A1756003C02F2</string>
					<string>E4B69B590A3A1756003C02F2</string>
					<string>E4B6FFFD0C3F9AB9008CF71C</string>
					<string>E4C2427710CC5ABF004149E2</string>
				</array>
				<key>buildRules</key>
				<array />
				<key>dependencies</key>
				<array>
					<string>E4EEB9AC138B136A00A80321</string>
				</array>
				<key>isa</key>
				<string>PBXNativeTarget</string>
				<key>name</key>
				<string>Kinect2Test</string>
				<key>productName</key>
				<string>myOFApp</string>
				<key>productReference</key>
				<string>E4B69B5B0A3A1756003C02F2</string>
				<key>productType</key>
				<string>com.apple.product-type.application</string>
			</dict>
			<key>E4B69B5B0A3A1756003C02F2</key>
			<dict>
				<key>explicitFileType</key>
				<string>wrapper.application</string>
				<key>includeInIndex</key>
				<string>0</string>
				<key>isa</key>
				<string>PBXFileReference</string>
				<key>path</key>
				<string>Kinect2TestDebug.app</string>
				<key>sourceTree</key>
				<string>BUILT_PRODUCTS_DIR</string>
			</dict>
			<key>E4B69B5F0A3A1757003C02F2</key>
			<dict>
				<key>buildConfigurations</key>
				<array>
					<string>E4B69B600A3A1757003C02F2</string>
					<string>E4B69B610A3A1757003C02F2</string>
				</array>
				<key>defaultConfigurationIsVisible</key>
				<string>0</string>
				<key>defaultConfigurationName</key>
				<string>Release</string>
				<key>isa</key>
				<string>XCConfigurationList</string>
			</dict>
			<key>E4B69B600A3A1757003C02F2</key>
			<dict>
				<key>baseConfigurationReference</key>
				<string>E4EB6923138AFD0F00A09F29</string>
				<key>buildSettings</key>
				<dict>
					<key>OTHER_LDFLAGS</key>
					<array>
						<string>$(OF_CORE_FRAMEWORKS) $(OF_CORE_LIBS)</string>
						<string>../../../addons/ofxMultiKinectV2/libs/libfreenect2/lib/osx/libfreenect2.a</string>
						<string>../../../addons/ofxMultiKinectV2/libs/libusb/lib/osx/usb-1.0.0-superspeed.a</string>
						<string>../../../addons/ofxTurboJpeg/libs/turbo-jpeg/lib/osx/libturbojpeg.dylib</string>
					</array>
					<key>HEADER_SEARCH_PATHS</key>
					<array>
						<string>$(OF_CORE_HEADERS)</string>
						<string>src</string>
						<string>../../../addons/ofxDatGui/src</string>
						<string>../../../addons/ofxDatGui/src/components</string>
						<string>../../../addons/ofxDatGui/src/core</string>
						<string>../../../addons/ofxDatGui/src/libs</string>
						<string>../../../addons/ofxDatGui/src/libs/ofxSmartFont</string>
						<string>../../../addons/ofxDatGui/src/themes</string>
						<string>../../../addons/ofxImageSequenceRecorder/src</string>
						<string>../../../addons/ofxMultiKinectV2/libs</string>
						<string>../../../addons/ofxMultiKinectV2/libs/libfreenect2</string>
						<string>../../../addons/ofxMultiKinectV2/libs/libfreenect2/include</string>
						<string>../../../addons/ofxMultiKinectV2/libs/libfreenect2/include/libfreenect2</string>
						<string>../../../addons/ofxMultiKinectV2/libs/libfreenect2/lib</string>
						<string>../../../addons/ofxMultiKinectV2/libs/libfreenect2/lib/osx</string>
						<string>../../../addons/ofxMultiKinectV2/libs/libfreenect2/license</string>
						<string>../../../addons/ofxMultiKinectV2/libs/libusb</string>
						<string>../../../addons/ofxMultiKinectV2/libs/libusb/include</string>
						<string>../../../addons/ofxMultiKinectV2/libs/libusb/include/libusb</string>
						<string>../../../addons/ofxMultiKinectV2/libs/libusb/include/libusb/os</string>
						<string>../../../addons/ofxMultiKinectV2/libs/libusb/lib</string>
						<string>../../../addons/ofxMultiKinectV2/libs/libusb/lib/osx</string>
						<string>../../../addons/ofxMultiKinectV2/libs/protonect</string>
						<string>../../../addons/ofxMultiKinectV2/src</string>
						<string>../../../addons/ofxMultiKinectV2/src/opt</string>
						<string>../../../addons/ofxTurboJpeg/src/</string>
						<string>../../../addons/ofxTurboJpeg/libs/turbo-jpeg/include</string>
					</array>
					<key>COMBINE_HIDPI_IMAGES</key>
					<string>YES</string>
					<key>COPY_PHASE_STRIP</key>
					<string>NO</string>
					<key>FRAMEWORK_SEARCH_PATHS</key>
					<array>
						<string>$(inherited)</string>
						<string>$(FRAMEWORK_SEARCH_PATHS_QUOTED_FOR_TARGET_1)</string>
						<string>/System/Library/Frameworks</string>
					</array>
					<key>FRAMEWORK_SEARCH_PATHS_QUOTED_FOR_TARGET_1</key>
					<string>"$(SRCROOT)/../../../libs/glut/lib/osx"</string>
					<key>GCC_DYNAMIC_NO_PIC</key>
					<string>NO</string>
					<key>GCC_GENERATE_DEBUGGING_SYMBOLS</key>
					<string>YES</string>
					<key>GCC_MODEL_TUNING</key>
					<string>NONE</string>
					<key>ICON</key>
					<string>$(ICON_NAME_DEBUG)</string>
					<key>ICON_FILE</key>
					<string>$(ICON_FILE_PATH)$(ICON)</string>
					<key>INFOPLIST_FILE</key>
					<string>openFrameworks-Info.plist</string>
					<key>INSTALL_PATH</key>
					<string>/Applications</string>
					<key>LIBRARY_SEARCH_PATHS</key>
					<string>$(inherited)</string>
					<key>PRODUCT_NAME</key>
					<string>$(TARGET_NAME)Debug</string>
					<key>WRAPPER_EXTENSION</key>
					<string>app</string>
				</dict>
				<key>isa</key>
				<string>XCBuildConfiguration</string>
				<key>name</key>
				<string>Debug</string>
			</dict>
			<key>E4B69B610A3A1757003C02F2</key>
			<dict>
				<key>baseConfigurationReference</key>
				<string>E4EB6923138AFD0F00A09F29</string>
				<key>buildSettings</key>
				<dict>
					<key>OTHER_LDFLAGS</key>
					<array>
						<string>$(OF_CORE_FRAMEWORKS) $(OF_CORE_LIBS)</string>
						<string>../../../addons/ofxMultiKinectV2/libs/libfreenect2/lib/osx/libfreenect2.a</string>
						<string>../../../addons/ofxMultiKinectV2/libs/libusb/lib/osx/usb-1.0.0-superspeed.a</string>
						<string>../../../addons/ofxTurboJpeg/libs/turbo-jpeg/lib/osx/libturbojpeg.dylib</string>
					</array>
					<key>HEADER_SEARCH_PATHS</key>
					<array>
						<string>$(OF_CORE_HEADERS)</string>
						<string>src</string>
						<string>../../../addons/ofxDatGui/src</string>
						<string>../../../addons/ofxDatGui/src/components</string>
						<string>../../../addons/ofxDatGui/src/core</string>
						<string>../../../addons/ofxDatGui/src/libs</string>
						<string>../../../addons/ofxDatGui/src/libs/ofxSmartFont</string>
						<string>../../../addons/ofxDatGui/src/themes</string>
						<string>../../../addons/ofxImageSequenceRecorder/src</string>
						<string>../../../addons/ofxMultiKinectV2/libs</string>
						<string>../../../addons/ofxMultiKinectV2/libs/libfreenect2</string>
						<string>../../../addons/ofxMultiKinectV2/libs/libfreenect2/include</string>
						<string>../../../addons/ofxMultiKinectV2/libs/libfreenect2/include/libfreenect2</string>
						<string>../../../addons/ofxMultiKinectV2/libs/libfreenect2/lib</string>
						<string>../../../addons/ofxMultiKinectV2/libs/libfreenect2/lib/osx</string>
						<string>../../../addons/ofxMultiKinectV2/libs/libfreenect2/license</string>
						<string>../../../addons/ofxMultiKinectV2/libs/libusb</string>
						<string>../../../addons/ofxMultiKinectV2/libs/libusb/include</string>
						<string>../../../addons/ofxMultiKinectV2/libs/libusb/include/libusb</string>
						<string>../../../addons/ofxMultiKinectV2/libs/libusb/include/libusb/os</string>
						<string>../../../addons/ofxMultiKinectV2/libs/libusb/lib</string>
						<string>../../../addons/ofxMultiKinectV2/libs/libusb/lib/osx</string>
						<string>../../../addons/ofxMultiKinectV2/libs/protonect</string>
						<string>../../../addons/ofxMultiKinectV2/src</string>
						<string>../../../addons/ofxMultiKinectV2/src/opt</string>
						<string>../../../addons/ofxTurboJpeg/src/</string>
						<string>../../../addons/ofxTurboJpeg/libs/turbo-jpeg/include</string>
					</array>
					<key>COMBINE_HIDPI_IMAGES</key>
					<string>YES</string>
					<key>COPY_PHASE_STRIP</key>
					<string>YES</string>
					<key>FRAMEWORK_SEARCH_PATHS</key>
					<array>
						<string>$(inherited)</string>
						<string>$(FRAMEWORK_SEARCH_PATHS_QUOTED_FOR_TARGET_1)</string>
						<string>/System/Library/Frameworks</string>
					</array>
					<key>FRAMEWORK_SEARCH_PATHS_QUOTED_FOR_TARGET_1</key>
					<string>"$(SRCROOT)/../../../libs/glut/lib/osx"</string>
					<key>GCC_GENERATE_DEBUGGING_SYMBOLS</key>
					<string>YES</string>
					<key>GCC_MODEL_TUNING</key>
					<string>NONE</string>
					<key>ICON</key>
					<string>$(ICON_NAME_RELEASE)</string>
					<key>ICON_FILE</key>
					<string>$(ICON_FILE_PATH)$(ICON)</string>
					<key>INFOPLIST_FILE</key>
					<string>openFrameworks-Info.plist</string>
					<key>INSTALL_PATH</key>
					<string>/Applications</string>
					<key>LIBRARY_SEARCH_PATHS</key>
					<string>$(inherited)</string>
					<key>PRODUCT_NAME</key>
					<string>$(TARGET_NAME)</string>
					<key>WRAPPER_EXTENSION</key>
					<string>app</string>
					<key>baseConfigurationReference</key>
					<string>E4EB6923138AFD0F00A09F29</string>
				</dict>
				<key>isa</key>
				<string>XCBuildConfiguration</string>
				<key>name</key>
				<string>Release</string>
			</dict>
			<key>E4B69E1C0A3A1BDC003C02F2</key>
			<dict>
				<key>children</key>
				<array>
					<string>E4B69E1D0A3A1BDC003C02F2</string>
					<string>E4B69E1E0A3A1BDC003C02F2</string>
					<string>E4B69E1F0A3A1BDC003C02F2</string>
				</array>
				<key>isa</key>
				<string>PBXGroup</string>
				<key>path</key>
				<string>src</string>
				<key>sourceTree</key>
				<string>SOURCE_ROOT</string>
			</dict>
			<key>E4B69E1D0A3A1BDC003C02F2</key>
			<dict>
				<key>fileEncoding</key>
				<string>30</string>
				<key>isa</key>
				<string>PBXFileReference</string>
				<key>lastKnownFileType</key>
				<string>sourcecode.cpp.cpp</string>
				<key>name</key>
				<string>main.cpp</string>
				<key>path</key>
				<string>src/main.cpp</string>
				<key>sourceTree</key>
				<string>SOURCE_ROOT</string>
			</dict>
			<key>E4B69E1E0A3A1BDC003C02F2</key>
			<dict>
				<key>explicitFileType</key>
				<string>sourcecode.cpp.cpp</string>
				<key>fileEncoding</key>
				<string>30</string>
				<key>isa</key>
				<string>PBXFileReference</string>
				<key>name</key>
				<string>ofApp.cpp</string>
				<key>path</key>
				<string>src/ofApp.cpp</string>
				<key>sourceTree</key>
				<string>SOURCE_ROOT</string>
			</dict>
			<key>E4B69E1F0A3A1BDC003C02F2</key>
			<dict>
				<key>fileEncoding</key>
				<string>30</string>
				<key>isa</key>
				<string>PBXFileReference</string>
				<key>lastKnownFileType</key>
				<string>sourcecode.c.h</string>
				<key>name</key>
				<string>ofApp.h</string>
				<key>path</key>
				<string>src/ofApp.h</string>
				<key>sourceTree</key>
				<string>SOURCE_ROOT</string>
			</dict>
			<key>E4B69E200A3A1BDC003C02F2</key>
			<dict>
				<key>fileRef</key>
				<string>E4B69E1D0A3A1BDC003C02F2</string>
				<key>isa</key>
				<string>PBXBuildFile</string>
			</dict>
			<key>E4B69E210A3A1BDC003C02F2</key>
			<dict>
				<key>fileRef</key>
				<string>E4B69E1E0A3A1BDC003C02F2</string>
				<key>isa</key>
				<string>PBXBuildFile</string>
			</dict>
			<key>E4B6FCAD0C3E899E008CF71C</key>
			<dict>
				<key>fileEncoding</key>
				<string>30</string>
				<key>isa</key>
				<string>PBXFileReference</string>
				<key>lastKnownFileType</key>
				<string>text.plist.xml</string>
				<key>path</key>
				<string>openFrameworks-Info.plist</string>
				<key>sourceTree</key>
				<string>&lt;group&gt;</string>
			</dict>
			<key>E4B6FFFD0C3F9AB9008CF71C</key>
			<dict>
				<key>buildActionMask</key>
				<string>2147483647</string>
				<key>files</key>
				<array />
				<key>inputPaths</key>
				<array />
				<key>isa</key>
				<string>PBXShellScriptBuildPhase</string>
				<key>outputPaths</key>
				<array />
				<key>runOnlyForDeploymentPostprocessing</key>
				<string>0</string>
				<key>shellPath</key>
				<string>/bin/sh</string>
				<key>shellScript</key>
				<string>mkdir -p "$TARGET_BUILD_DIR/$PRODUCT_NAME.app/Contents/Resources/"
# Copy default icon file into App/Resources
rsync -aved "$ICON_FILE" "$TARGET_BUILD_DIR/$PRODUCT_NAME.app/Contents/Resources/"
# Copy libfmod and change install directory for fmod to run
rsync -aved ../../../libs/fmodex/lib/osx/libfmodex.dylib "$TARGET_BUILD_DIR/$PRODUCT_NAME.app/Contents/Frameworks/";
install_name_tool -change @executable_path/libfmodex.dylib @executable_path/../Frameworks/libfmodex.dylib "$TARGET_BUILD_DIR/$PRODUCT_NAME.app/Contents/MacOS/$PRODUCT_NAME";
# Copy GLUT framework (must remove for AppStore submissions)
rsync -aved ../../../libs/glut/lib/osx/GLUT.framework "$TARGET_BUILD_DIR/$PRODUCT_NAME.app/Contents/Frameworks/"
</string>
			</dict>
			<key>E4C2427710CC5ABF004149E2</key>
			<dict>
				<key>buildActionMask</key>
				<string>2147483647</string>
				<key>dstPath</key>
				<string />
				<key>dstSubfolderSpec</key>
				<string>10</string>
				<key>files</key>
				<array />
				<key>isa</key>
				<string>PBXCopyFilesBuildPhase</string>
				<key>runOnlyForDeploymentPostprocessing</key>
				<string>0</string>
			</dict>
			<key>E4EB691F138AFCF100A09F29</key>
			<dict>
				<key>fileEncoding</key>
				<string>4</string>
				<key>isa</key>
				<string>PBXFileReference</string>
				<key>lastKnownFileType</key>
				<string>text.xcconfig</string>
				<key>name</key>
				<string>CoreOF.xcconfig</string>
				<key>path</key>
				<string>../../../libs/openFrameworksCompiled/project/osx/CoreOF.xcconfig</string>
				<key>sourceTree</key>
				<string>SOURCE_ROOT</string>
			</dict>
			<key>E4EB6923138AFD0F00A09F29</key>
			<dict>
				<key>fileEncoding</key>
				<string>4</string>
				<key>isa</key>
				<string>PBXFileReference</string>
				<key>lastKnownFileType</key>
				<string>text.xcconfig</string>
				<key>path</key>
				<string>Project.xcconfig</string>
				<key>sourceTree</key>
				<string>&lt;group&gt;</string>
			</dict>
			<key>E4EEB9AB138B136A00A80321</key>
			<dict>
				<key>containerPortal</key>
				<string>E4328143138ABC890047C5CB</string>
				<key>isa</key>
				<string>PBXContainerItemProxy</string>
				<key>proxyType</key>
				<string>1</string>
				<key>remoteGlobalIDString</key>
				<string>E4B27C1410CBEB8E00536013</string>
				<key>remoteInfo</key>
				<string>openFrameworks</string>
			</dict>
			<key>E4EEB9AC138B136A00A80321</key>
			<dict>
				<key>isa</key>
				<string>PBXTargetDependency</string>
				<key>name</key>
				<string>openFrameworks</string>
				<key>targetProxy</key>
				<string>E4EEB9AB138B136A00A80321</string>
			</dict>
			<key>E4EEC9E9138DF44700A80321</key>
			<dict>
				<key>children</key>
				<array>
					<string>E4EB691F138AFCF100A09F29</string>
					<string>E4328143138ABC890047C5CB</string>
				</array>
				<key>isa</key>
				<string>PBXGroup</string>
				<key>name</key>
				<string>openFrameworks</string>
				<key>sourceTree</key>
				<string>&lt;group&gt;</string>
			</dict>
		</dict>
		<key>rootObject</key>
		<string>E4B69B4C0A3A1720003C02F2</string>
	</dict>
</plist>
